Microsoft Visual Studio Solution File, Format Version 12.00
# Visual Studio Version 17
VisualStudioVersion = 17.5.2.0
MinimumVisualStudioVersion = 10.0.40219.1
Project("{FAE04EC0-301F-11D3-BF4B-00C04F79EFBC}") = "MinimalBasedAPI", "MinimalBasedAPI.csproj", "{50D8D14F-AECD-7E46-7CAB-7D3BC7EAADA4}"
EndProject
Global
	GlobalSection(SolutionConfigurationPlatforms) = preSolution
		Debug|Any CPU = Debug|Any CPU
		Release|Any CPU = Release|Any CPU
	EndGlobalSection
	GlobalSection(ProjectConfigurationPlatforms) = postSolution
		{50D8D14F-AECD-7E46-7CAB-7D3BC7EAADA4}.Debug|Any CPU.ActiveCfg = Debug|Any CPU
		{50D8D14F-AECD-7E46-7CAB-7D3BC7EAADA4}.Debug|Any CPU.Build.0 = Debug|Any CPU
		{50D8D14F-AECD-7E46-7CAB-7D3BC7EAADA4}.Release|Any CPU.ActiveCfg = Release|Any CPU
		{50D8D14F-AECD-7E46-7CAB-7D3BC7EAADA4}.Release|Any CPU.Build.0 = Release|Any CPU
	EndGlobalSection
	GlobalSection(SolutionProperties) = preSolution
		HideSolutionNode = FALSE
	EndGlobalSection
	GlobalSection(ExtensibilityGlobals) = postSolution
		SolutionGuid = {25C7CBF7-9707-45B5-B222-AFEC0496C684}
	EndGlobalSection
EndGlobal
