
Microsoft Visual Studio Solution File, Format Version 12.00
# Visual Studio Version 17
VisualStudioVersion = 17.5.2.0
MinimumVisualStudioVersion = 10.0.40219.1
Project("{FAE04EC0-301F-11D3-BF4B-00C04F79EFBC}") = "ControllerBasedAPI", "ControllerBasedAPI.csproj", "{0A83846C-0DE8-A9E8-3EFB-C452DCA01FD7}"
EndProject
Project("{FAE04EC0-301F-11D3-BF4B-00C04F79EFBC}") = "MinimalBasedAPI", "..\MinimalBasedAPI\MinimalBasedAPI.csproj", "{4F1D8BAA-BD97-4058-804B-11819D8759E9}"
EndProject
Global
	GlobalSection(SolutionConfigurationPlatforms) = preSolution
		Debug|Any CPU = Debug|Any CPU
		Debug|x64 = Debug|x64
		Debug|x86 = Debug|x86
		Release|Any CPU = Release|Any CPU
		Release|x64 = Release|x64
		Release|x86 = Release|x86
	EndGlobalSection
	GlobalSection(ProjectConfigurationPlatforms) = postSolution
		{0A83846C-0DE8-A9E8-3EFB-C452DCA01FD7}.Debug|Any CPU.ActiveCfg = Debug|Any CPU
		{0A83846C-0DE8-A9E8-3EFB-C452DCA01FD7}.Debug|Any CPU.Build.0 = Debug|Any CPU
		{0A83846C-0DE8-A9E8-3EFB-C452DCA01FD7}.Debug|x64.ActiveCfg = Debug|Any CPU
		{0A83846C-0DE8-A9E8-3EFB-C452DCA01FD7}.Debug|x64.Build.0 = Debug|Any CPU
		{0A83846C-0DE8-A9E8-3EFB-C452DCA01FD7}.Debug|x86.ActiveCfg = Debug|Any CPU
		{0A83846C-0DE8-A9E8-3EFB-C452DCA01FD7}.Debug|x86.Build.0 = Debug|Any CPU
		{0A83846C-0DE8-A9E8-3EFB-C452DCA01FD7}.Release|Any CPU.ActiveCfg = Release|Any CPU
		{0A83846C-0DE8-A9E8-3EFB-C452DCA01FD7}.Release|Any CPU.Build.0 = Release|Any CPU
		{0A83846C-0DE8-A9E8-3EFB-C452DCA01FD7}.Release|x64.ActiveCfg = Release|Any CPU
		{0A83846C-0DE8-A9E8-3EFB-C452DCA01FD7}.Release|x64.Build.0 = Release|Any CPU
		{0A83846C-0DE8-A9E8-3EFB-C452DCA01FD7}.Release|x86.ActiveCfg = Release|Any CPU
		{0A83846C-0DE8-A9E8-3EFB-C452DCA01FD7}.Release|x86.Build.0 = Release|Any CPU
		{4F1D8BAA-BD97-4058-804B-11819D8759E9}.Debug|Any CPU.ActiveCfg = Debug|Any CPU
		{4F1D8BAA-BD97-4058-804B-11819D8759E9}.Debug|Any CPU.Build.0 = Debug|Any CPU
		{4F1D8BAA-BD97-4058-804B-11819D8759E9}.Debug|x64.ActiveCfg = Debug|Any CPU
		{4F1D8BAA-BD97-4058-804B-11819D8759E9}.Debug|x64.Build.0 = Debug|Any CPU
		{4F1D8BAA-BD97-4058-804B-11819D8759E9}.Debug|x86.ActiveCfg = Debug|Any CPU
		{4F1D8BAA-BD97-4058-804B-11819D8759E9}.Debug|x86.Build.0 = Debug|Any CPU
		{4F1D8BAA-BD97-4058-804B-11819D8759E9}.Release|Any CPU.ActiveCfg = Release|Any CPU
		{4F1D8BAA-BD97-4058-804B-11819D8759E9}.Release|Any CPU.Build.0 = Release|Any CPU
		{4F1D8BAA-BD97-4058-804B-11819D8759E9}.Release|x64.ActiveCfg = Release|Any CPU
		{4F1D8BAA-BD97-4058-804B-11819D8759E9}.Release|x64.Build.0 = Release|Any CPU
		{4F1D8BAA-BD97-4058-804B-11819D8759E9}.Release|x86.ActiveCfg = Release|Any CPU
		{4F1D8BAA-BD97-4058-804B-11819D8759E9}.Release|x86.Build.0 = Release|Any CPU
	EndGlobalSection
	GlobalSection(SolutionProperties) = preSolution
		HideSolutionNode = FALSE
	EndGlobalSection
	GlobalSection(ExtensibilityGlobals) = postSolution
		SolutionGuid = {9B94D530-3230-4EAB-A23E-5C39B9CBB155}
	EndGlobalSection
EndGlobal
