
Microsoft Visual Studio Solution File, Format Version 12.00
# Visual Studio Version 17
VisualStudioVersion = 17.5.2.0
MinimumVisualStudioVersion = 10.0.40219.1
Project("{FAE04EC0-301F-11D3-BF4B-00C04F79EFBC}") = "factory instanstion", "factory instanstion.csproj", "{8196ADD0-BD82-465C-FFA0-6BC65B65A6B0}"
EndProject
Project("{FAE04EC0-301F-11D3-BF4B-00C04F79EFBC}") = "Resolving at Startup", "..\..\Resolving at Startup\Resolving at Startup.csproj", "{2174CADF-3B79-403D-8B9C-839A730131DA}"
EndProject
Global
	GlobalSection(SolutionConfigurationPlatforms) = preSolution
		Debug|Any CPU = Debug|Any CPU
		Debug|x64 = Debug|x64
		Debug|x86 = Debug|x86
		Release|Any CPU = Release|Any CPU
		Release|x64 = Release|x64
		Release|x86 = Release|x86
	EndGlobalSection
	GlobalSection(ProjectConfigurationPlatforms) = postSolution
		{8196ADD0-BD82-465C-FFA0-6BC65B65A6B0}.Debug|Any CPU.ActiveCfg = Debug|Any CPU
		{8196ADD0-BD82-465C-FFA0-6BC65B65A6B0}.Debug|Any CPU.Build.0 = Debug|Any CPU
		{8196ADD0-BD82-465C-FFA0-6BC65B65A6B0}.Debug|x64.ActiveCfg = Debug|Any CPU
		{8196ADD0-BD82-465C-FFA0-6BC65B65A6B0}.Debug|x64.Build.0 = Debug|Any CPU
		{8196ADD0-BD82-465C-FFA0-6BC65B65A6B0}.Debug|x86.ActiveCfg = Debug|Any CPU
		{8196ADD0-BD82-465C-FFA0-6BC65B65A6B0}.Debug|x86.Build.0 = Debug|Any CPU
		{8196ADD0-BD82-465C-FFA0-6BC65B65A6B0}.Release|Any CPU.ActiveCfg = Release|Any CPU
		{8196ADD0-BD82-465C-FFA0-6BC65B65A6B0}.Release|Any CPU.Build.0 = Release|Any CPU
		{8196ADD0-BD82-465C-FFA0-6BC65B65A6B0}.Release|x64.ActiveCfg = Release|Any CPU
		{8196ADD0-BD82-465C-FFA0-6BC65B65A6B0}.Release|x64.Build.0 = Release|Any CPU
		{8196ADD0-BD82-465C-FFA0-6BC65B65A6B0}.Release|x86.ActiveCfg = Release|Any CPU
		{8196ADD0-BD82-465C-FFA0-6BC65B65A6B0}.Release|x86.Build.0 = Release|Any CPU
		{2174CADF-3B79-403D-8B9C-839A730131DA}.Debug|Any CPU.ActiveCfg = Debug|Any CPU
		{2174CADF-3B79-403D-8B9C-839A730131DA}.Debug|Any CPU.Build.0 = Debug|Any CPU
		{2174CADF-3B79-403D-8B9C-839A730131DA}.Debug|x64.ActiveCfg = Debug|Any CPU
		{2174CADF-3B79-403D-8B9C-839A730131DA}.Debug|x64.Build.0 = Debug|Any CPU
		{2174CADF-3B79-403D-8B9C-839A730131DA}.Debug|x86.ActiveCfg = Debug|Any CPU
		{2174CADF-3B79-403D-8B9C-839A730131DA}.Debug|x86.Build.0 = Debug|Any CPU
		{2174CADF-3B79-403D-8B9C-839A730131DA}.Release|Any CPU.ActiveCfg = Release|Any CPU
		{2174CADF-3B79-403D-8B9C-839A730131DA}.Release|Any CPU.Build.0 = Release|Any CPU
		{2174CADF-3B79-403D-8B9C-839A730131DA}.Release|x64.ActiveCfg = Release|Any CPU
		{2174CADF-3B79-403D-8B9C-839A730131DA}.Release|x64.Build.0 = Release|Any CPU
		{2174CADF-3B79-403D-8B9C-839A730131DA}.Release|x86.ActiveCfg = Release|Any CPU
		{2174CADF-3B79-403D-8B9C-839A730131DA}.Release|x86.Build.0 = Release|Any CPU
	EndGlobalSection
	GlobalSection(SolutionProperties) = preSolution
		HideSolutionNode = FALSE
	EndGlobalSection
	GlobalSection(ExtensibilityGlobals) = postSolution
		SolutionGuid = {551718A7-5686-4B62-96BA-AD5DA52C7B08}
	EndGlobalSection
EndGlobal
